
Microsoft Visual Studio Solution File, Format Version 12.00
# Visual Studio Version 17
VisualStudioVersion = 17.10.35122.118
MinimumVisualStudioVersion = 10.0.40219.1
Project("{FAE04EC0-301F-11D3-BF4B-00C04F79EFBC}") = "ProiectFinalWON7", "ProiectFinalWON7\ProiectFinalWON7.csproj", "{1BDB9D74-938C-4F10-AD83-B7F060B35695}"
EndProject
Global
	GlobalSection(SolutionConfigurationPlatforms) = preSolution
		Debug|Any CPU = Debug|Any CPU
		Release|Any CPU = Release|Any CPU
	EndGlobalSection
	GlobalSection(ProjectConfigurationPlatforms) = postSolution
		{1BDB9D74-938C-4F10-AD83-B7F060B35695}.Debug|Any CPU.ActiveCfg = Debug|Any CPU
		{1BDB9D74-938C-4F10-AD83-B7F060B35695}.Debug|Any CPU.Build.0 = Debug|Any CPU
		{1BDB9D74-938C-4F10-AD83-B7F060B35695}.Release|Any CPU.ActiveCfg = Release|Any CPU
		{1BDB9D74-938C-4F10-AD83-B7F060B35695}.Release|Any CPU.Build.0 = Release|Any CPU
	EndGlobalSection
	GlobalSection(SolutionProperties) = preSolution
		HideSolutionNode = FALSE
	EndGlobalSection
	GlobalSection(ExtensibilityGlobals) = postSolution
		SolutionGuid = {A29E73B1-CEC8-4591-9264-1FC9D40719A6}
	EndGlobalSection
EndGlobal
